
Microsoft Visual Studio Solution File, Format Version 12.00
# Visual Studio Version 16
VisualStudioVersion = 16.0.30204.135
MinimumVisualStudioVersion = 10.0.40219.1
Project("{FAE04EC0-301F-11D3-BF4B-00C04F79EFBC}") = "Dynamo task", "Dynamo task.csproj", "{328938B8-194C-46EC-9F60-99B71A4711B4}"
EndProject
Project("{9A19103F-16F7-4668-BE54-9A1E7A4F7556}") = "Services", "..\Services\Services.csproj", "{D226733E-34E8-496F-A759-7C6C3540DFDF}"
EndProject
Project("{9A19103F-16F7-4668-BE54-9A1E7A4F7556}") = "Interfaces", "..\Interfaces\Interfaces.csproj", "{0C0D9DC9-D668-4093-98C4-9059263048FC}"
EndProject
Project("{FAE04EC0-301F-11D3-BF4B-00C04F79EFBC}") = "XmlToJsonAPI", "..\XmlToJsonAPI\XmlToJsonAPI.csproj", "{A72A6AD9-ECC9-4ABD-8F92-CBF660F88FC2}"
EndProject
Global
	GlobalSection(SolutionConfigurationPlatforms) = preSolution
		Debug|Any CPU = Debug|Any CPU
		Release|Any CPU = Release|Any CPU
	EndGlobalSection
	GlobalSection(ProjectConfigurationPlatforms) = postSolution
		{328938B8-194C-46EC-9F60-99B71A4711B4}.Debug|Any CPU.ActiveCfg = Debug|Any CPU
		{328938B8-194C-46EC-9F60-99B71A4711B4}.Debug|Any CPU.Build.0 = Debug|Any CPU
		{328938B8-194C-46EC-9F60-99B71A4711B4}.Release|Any CPU.ActiveCfg = Release|Any CPU
		{328938B8-194C-46EC-9F60-99B71A4711B4}.Release|Any CPU.Build.0 = Release|Any CPU
		{D226733E-34E8-496F-A759-7C6C3540DFDF}.Debug|Any CPU.ActiveCfg = Debug|Any CPU
		{D226733E-34E8-496F-A759-7C6C3540DFDF}.Debug|Any CPU.Build.0 = Debug|Any CPU
		{D226733E-34E8-496F-A759-7C6C3540DFDF}.Release|Any CPU.ActiveCfg = Release|Any CPU
		{D226733E-34E8-496F-A759-7C6C3540DFDF}.Release|Any CPU.Build.0 = Release|Any CPU
		{0C0D9DC9-D668-4093-98C4-9059263048FC}.Debug|Any CPU.ActiveCfg = Debug|Any CPU
		{0C0D9DC9-D668-4093-98C4-9059263048FC}.Debug|Any CPU.Build.0 = Debug|Any CPU
		{0C0D9DC9-D668-4093-98C4-9059263048FC}.Release|Any CPU.ActiveCfg = Release|Any CPU
		{0C0D9DC9-D668-4093-98C4-9059263048FC}.Release|Any CPU.Build.0 = Release|Any CPU
		{A72A6AD9-ECC9-4ABD-8F92-CBF660F88FC2}.Debug|Any CPU.ActiveCfg = Debug|Any CPU
		{A72A6AD9-ECC9-4ABD-8F92-CBF660F88FC2}.Debug|Any CPU.Build.0 = Debug|Any CPU
		{A72A6AD9-ECC9-4ABD-8F92-CBF660F88FC2}.Release|Any CPU.ActiveCfg = Release|Any CPU
		{A72A6AD9-ECC9-4ABD-8F92-CBF660F88FC2}.Release|Any CPU.Build.0 = Release|Any CPU
	EndGlobalSection
	GlobalSection(SolutionProperties) = preSolution
		HideSolutionNode = FALSE
	EndGlobalSection
	GlobalSection(ExtensibilityGlobals) = postSolution
		SolutionGuid = {7358CCCB-B73E-45B9-94A0-5B9EAB0C0305}
	EndGlobalSection
EndGlobal
